
Microsoft Visual Studio Solution File, Format Version 12.00
# Visual Studio Version 17
VisualStudioVersion = 17.3.32922.545
MinimumVisualStudioVersion = 10.0.40219.1
Project("{FAE04EC0-301F-11D3-BF4B-00C04F79EFBC}") = "ChatApp", "ChatApp.csproj", "{52CCB00D-75D2-4D2D-9E91-8897C0BC26F5}"
EndProject
Global
	GlobalSection(SolutionConfigurationPlatforms) = preSolution
		Debug|Any CPU = Debug|Any CPU
		Release|Any CPU = Release|Any CPU
	EndGlobalSection
	GlobalSection(ProjectConfigurationPlatforms) = postSolution
		{52CCB00D-75D2-4D2D-9E91-8897C0BC26F5}.Debug|Any CPU.ActiveCfg = Debug|Any CPU
		{52CCB00D-75D2-4D2D-9E91-8897C0BC26F5}.Debug|Any CPU.Build.0 = Debug|Any CPU
		{52CCB00D-75D2-4D2D-9E91-8897C0BC26F5}.Release|Any CPU.ActiveCfg = Release|Any CPU
		{52CCB00D-75D2-4D2D-9E91-8897C0BC26F5}.Release|Any CPU.Build.0 = Release|Any CPU
	EndGlobalSection
	GlobalSection(SolutionProperties) = preSolution
		HideSolutionNode = FALSE
	EndGlobalSection
	GlobalSection(ExtensibilityGlobals) = postSolution
		SolutionGuid = {76110DDB-6FEC-4E0D-9F3E-E4E2F90ED582}
	EndGlobalSection
EndGlobal
